{
  "requires": true,
  "lockfileVersion": 1,
  "dependencies": {
    "eventing-bus": {
      "version": "2.0.1",
      "resolved": "https://registry.npmjs.org/eventing-bus/-/eventing-bus-2.0.1.tgz",
      "integrity": "sha512-zouIP/WlcXxMemuDzDApU2cK5r6QtwMRPBSGK4XzjsHU5x1Dyu8a9NhqgDoyG2oN99Z+0pwVb5hvSXEc3/en4Q=="
    }
  }
}
